// !$*UTF8*$!
{
	archiveVersion = 1;
	classes = {
	};
	objectVersion = 50;
	objects = {

/* Begin PBXBuildFile section */
		D2D0E371242C03E1004E17F5 /* AppDelegate.swift in Sources */ = {isa = PBXBuildFile; fileRef = D2D0E370242C03E1004E17F5 /* AppDelegate.swift */; };
		D2D0E373242C03E1004E17F5 /* SceneDelegate.swift in Sources */ = {isa = PBXBuildFile; fileRef = D2D0E372242C03E1004E17F5 /* SceneDelegate.swift */; };
		D2D0E375242C03E1004E17F5 /* ViewController.swift in Sources */ = {isa = PBXBuildFile; fileRef = D2D0E374242C03E1004E17F5 /* ViewController.swift */; };
		D2D0E378242C03E1004E17F5 /* Main.storyboard in Resources */ = {isa = PBXBuildFile; fileRef = D2D0E376242C03E1004E17F5 /* Main.storyboard */; };
		D2D0E37A242C03E5004E17F5 /* Assets.xcassets in Resources */ = {isa = PBXBuildFile; fileRef = D2D0E379242C03E5004E17F5 /* Assets.xcassets */; };
		D2D0E37D242C03E5004E17F5 /* LaunchScreen.storyboard in Resources */ = {isa = PBXBuildFile; fileRef = D2D0E37B242C03E5004E17F5 /* LaunchScreen.storyboard */; };
		D2D0E388242C03E6004E17F5 /* HelloWorldTests.swift in Sources */ = {isa = PBXBuildFile; fileRef = D2D0E387242C03E6004E17F5 /* HelloWorldTests.swift */; };
		D2D0E393242C03E6004E17F5 /* HelloWorldUITests.swift in Sources */ = {isa = PBXBuildFile; fileRef = D2D0E392242C03E6004E17F5 /* HelloWorldUITests.swift */; };
		D2D0E3A1242C06CA004E17F5 /* Colors.xcassets in Resources */ = {isa = PBXBuildFile; fileRef = D2D0E3A0242C06CA004E17F5 /* Colors.xcassets */; };
		D2D0E3A3242C0FC2004E17F5 /* UIButton+Extensions.swift in Sources */ = {isa = PBXBuildFile; fileRef = D2D0E3A2242C0FC2004E17F5 /* UIButton+Extensions.swift */; };
/* End PBXBuildFile section */

/* Begin PBXContainerItemProxy section */
		D2D0E384242C03E6004E17F5 /* PBXContainerItemProxy */ = {
			isa = PBXContainerItemProxy;
			containerPortal = D2D0E365242C03E1004E17F5 /* Project object */;
			proxyType = 1;
			remoteGlobalIDString = D2D0E36C242C03E1004E17F5;
			remoteInfo = HelloWorld;
		};
		D2D0E38F242C03E6004E17F5 /* PBXContainerItemProxy */ = {
			isa = PBXContainerItemProxy;
			containerPortal = D2D0E365242C03E1004E17F5 /* Project object */;
			proxyType = 1;
			remoteGlobalIDString = D2D0E36C242C03E1004E17F5;
			remoteInfo = HelloWorld;
		};
/* End PBXContainerItemProxy section */

/* Begin PBXFileReference section */
		D2D0E36D242C03E1004E17F5 /* HelloWorld.app */ = {isa = PBXFileReference; explicitFileType = wrapper.application; includeInIndex = 0; path = HelloWorld.app; sourceTree = BUILT_PRODUCTS_DIR; };
		D2D0E370242C03E1004E17F5 /* AppDelegate.swift */ = {isa = PBXFileReference; lastKnownFileType = sourcecode.swift; path = AppDelegate.swift; sourceTree = "<group>"; };
		D2D0E372242C03E1004E17F5 /* SceneDelegate.swift */ = {isa = PBXFileReference; lastKnownFileType = sourcecode.swift; path = SceneDelegate.swift; sourceTree = "<group>"; };
		D2D0E374242C03E1004E17F5 /* ViewController.swift */ = {isa = PBXFileReference; lastKnownFileType = sourcecode.swift; path = ViewController.swift; sourceTree = "<group>"; };
		D2D0E377242C03E1004E17F5 /* Base */ = {isa = PBXFileReference; lastKnownFileType = file.storyboard; name = Base; path = Base.lproj/Main.storyboard; sourceTree = "<group>"; };
		D2D0E379242C03E5004E17F5 /* Assets.xcassets */ = {isa = PBXFileReference; lastKnownFileType = folder.assetcatalog; path = Assets.xcassets; sourceTree = "<group>"; };
		D2D0E37C242C03E5004E17F5 /* Base */ = {isa = PBXFileReference; lastKnownFileType = file.storyboard; name = Base; path = Base.lproj/LaunchScreen.storyboard; sourceTree = "<group>"; };
		D2D0E37E242C03E5004E17F5 /* Info.plist */ = {isa = PBXFileReference; lastKnownFileType = text.plist.xml; path = Info.plist; sourceTree = "<group>"; };
		D2D0E383242C03E6004E17F5 /* HelloWorldTests.xctest */ = {isa = PBXFileReference; explicitFileType = wrapper.cfbundle; includeInIndex = 0; path = HelloWorldTests.xctest; sourceTree = BUILT_PRODUCTS_DIR; };
		D2D0E387242C03E6004E17F5 /* HelloWorldTests.swift */ = {isa = PBXFileReference; lastKnownFileType = sourcecode.swift; path = HelloWorldTests.swift; sourceTree = "<group>"; };
		D2D0E389242C03E6004E17F5 /* Info.plist */ = {isa = PBXFileReference; lastKnownFileType = text.plist.xml; path = Info.plist; sourceTree = "<group>"; };
		D2D0E38E242C03E6004E17F5 /* HelloWorldUITests.xctest */ = {isa = PBXFileReference; explicitFileType = wrapper.cfbundle; includeInIndex = 0; path = HelloWorldUITests.xctest; sourceTree = BUILT_PRODUCTS_DIR; };
		D2D0E392242C03E6004E17F5 /* HelloWorldUITests.swift */ = {isa = PBXFileReference; lastKnownFileType = sourcecode.swift; path = HelloWorldUITests.swift; sourceTree = "<group>"; };
		D2D0E394242C03E6004E17F5 /* Info.plist */ = {isa = PBXFileReference; lastKnownFileType = text.plist.xml; path = Info.plist; sourceTree = "<group>"; };
		D2D0E3A0242C06CA004E17F5 /* Colors.xcassets */ = {isa = PBXFileReference; lastKnownFileType = folder.assetcatalog; path = Colors.xcassets; sourceTree = "<group>"; };
		D2D0E3A2242C0FC2004E17F5 /* UIButton+Extensions.swift */ = {isa = PBXFileReference; lastKnownFileType = sourcecode.swift; path = "UIButton+Extensions.swift"; sourceTree = "<group>"; };
/* End PBXFileReference section */

/* Begin PBXFrameworksBuildPhase section */
		D2D0E36A242C03E1004E17F5 /* Frameworks */ = {
			isa = PBXFrameworksBuildPhase;
			buildActionMask = 2147483647;
			files = (
			);
			runOnlyForDeploymentPostprocessing = 0;
		};
		D2D0E380242C03E6004E17F5 /* Frameworks */ = {
			isa = PBXFrameworksBuildPhase;
			buildActionMask = 2147483647;
			files = (
			);
			runOnlyForDeploymentPostprocessing = 0;
		};
		D2D0E38B242C03E6004E17F5 /* Frameworks */ = {
			isa = PBXFrameworksBuildPhase;
			buildActionMask = 2147483647;
			files = (
			);
			runOnlyForDeploymentPostprocessing = 0;
		};
/* End PBXFrameworksBuildPhase section */

/* Begin PBXGroup section */
		D2D0E364242C03E1004E17F5 = {
			isa = PBXGroup;
			children = (
				D2D0E36F242C03E1004E17F5 /* HelloWorld */,
				D2D0E386242C03E6004E17F5 /* HelloWorldTests */,
				D2D0E391242C03E6004E17F5 /* HelloWorldUITests */,
				D2D0E36E242C03E1004E17F5 /* Products */,
			);
			sourceTree = "<group>";
		};
		D2D0E36E242C03E1004E17F5 /* Products */ = {
			isa = PBXGroup;
			children = (
				D2D0E36D242C03E1004E17F5 /* HelloWorld.app */,
				D2D0E383242C03E6004E17F5 /* HelloWorldTests.xctest */,
				D2D0E38E242C03E6004E17F5 /* HelloWorldUITests.xctest */,
			);
			name = Products;
			sourceTree = "<group>";
		};
		D2D0E36F242C03E1004E17F5 /* HelloWorld */ = {
			isa = PBXGroup;
			children = (
				D2D0E370242C03E1004E17F5 /* AppDelegate.swift */,
				D2D0E372242C03E1004E17F5 /* SceneDelegate.swift */,
				D2D0E374242C03E1004E17F5 /* ViewController.swift */,
				D2D0E376242C03E1004E17F5 /* Main.storyboard */,
				D2D0E379242C03E5004E17F5 /* Assets.xcassets */,
				D2D0E37B242C03E5004E17F5 /* LaunchScreen.storyboard */,
				D2D0E37E242C03E5004E17F5 /* Info.plist */,
				D2D0E3A0242C06CA004E17F5 /* Colors.xcassets */,
				D2D0E3A2242C0FC2004E17F5 /* UIButton+Extensions.swift */,
			);
			path = HelloWorld;
			sourceTree = "<group>";
		};
		D2D0E386242C03E6004E17F5 /* HelloWorldTests */ = {
			isa = PBXGroup;
			children = (
				D2D0E387242C03E6004E17F5 /* HelloWorldTests.swift */,
				D2D0E389242C03E6004E17F5 /* Info.plist */,
			);
			path = HelloWorldTests;
			sourceTree = "<group>";
		};
		D2D0E391242C03E6004E17F5 /* HelloWorldUITests */ = {
			isa = PBXGroup;
			children = (
				D2D0E392242C03E6004E17F5 /* HelloWorldUITests.swift */,
				D2D0E394242C03E6004E17F5 /* Info.plist */,
			);
			path = HelloWorldUITests;
			sourceTree = "<group>";
		};
/* End PBXGroup section */

/* Begin PBXNativeTarget section */
		D2D0E36C242C03E1004E17F5 /* HelloWorld */ = {
			isa = PBXNativeTarget;
			buildConfigurationList = D2D0E397242C03E6004E17F5 /* Build configuration list for PBXNativeTarget "HelloWorld" */;
			buildPhases = (
				D2D0E369242C03E1004E17F5 /* Sources */,
				D2D0E36A242C03E1004E17F5 /* Frameworks */,
				D2D0E36B242C03E1004E17F5 /* Resources */,
			);
			buildRules = (
			);
			dependencies = (
			);
			name = HelloWorld;
			productName = HelloWorld;
			productReference = D2D0E36D242C03E1004E17F5 /* HelloWorld.app */;
			productType = "com.apple.product-type.application";
		};
		D2D0E382242C03E6004E17F5 /* HelloWorldTests */ = {
			isa = PBXNativeTarget;
			buildConfigurationList = D2D0E39A242C03E6004E17F5 /* Build configuration list for PBXNativeTarget "HelloWorldTests" */;
			buildPhases = (
				D2D0E37F242C03E6004E17F5 /* Sources */,
				D2D0E380242C03E6004E17F5 /* Frameworks */,
				D2D0E381242C03E6004E17F5 /* Resources */,
			);
			buildRules = (
			);
			dependencies = (
				D2D0E385242C03E6004E17F5 /* PBXTargetDependency */,
			);
			name = HelloWorldTests;
			productName = HelloWorldTests;
			productReference = D2D0E383242C03E6004E17F5 /* HelloWorldTests.xctest */;
			productType = "com.apple.product-type.bundle.unit-test";
		};
		D2D0E38D242C03E6004E17F5 /* HelloWorldUITests */ = {
			isa = PBXNativeTarget;
			buildConfigurationList = D2D0E39D242C03E6004E17F5 /* Build configuration list for PBXNativeTarget "HelloWorldUITests" */;
			buildPhases = (
				D2D0E38A242C03E6004E17F5 /* Sources */,
				D2D0E38B242C03E6004E17F5 /* Frameworks */,
				D2D0E38C242C03E6004E17F5 /* Resources */,
			);
			buildRules = (
			);
			dependencies = (
				D2D0E390242C03E6004E17F5 /* PBXTargetDependency */,
			);
			name = HelloWorldUITests;
			productName = HelloWorldUITests;
			productReference = D2D0E38E242C03E6004E17F5 /* HelloWorldUITests.xctest */;
			productType = "com.apple.product-type.bundle.ui-testing";
		};
/* End PBXNativeTarget section */

/* Begin PBXProject section */
		D2D0E365242C03E1004E17F5 /* Project object */ = {
			isa = PBXProject;
			attributes = {
				LastSwiftUpdateCheck = 1140;
				LastUpgradeCheck = 1140;
				ORGANIZATIONNAME = "Tobias Oho";
				TargetAttributes = {
					D2D0E36C242C03E1004E17F5 = {
						CreatedOnToolsVersion = 11.4;
					};
					D2D0E382242C03E6004E17F5 = {
						CreatedOnToolsVersion = 11.4;
						TestTargetID = D2D0E36C242C03E1004E17F5;
					};
					D2D0E38D242C03E6004E17F5 = {
						CreatedOnToolsVersion = 11.4;
						TestTargetID = D2D0E36C242C03E1004E17F5;
					};
				};
			};
			buildConfigurationList = D2D0E368242C03E1004E17F5 /* Build configuration list for PBXProject "HelloWorld" */;
			compatibilityVersion = "Xcode 9.3";
			developmentRegion = en;
			hasScannedForEncodings = 0;
			knownRegions = (
				en,
				Base,
			);
			mainGroup = D2D0E364242C03E1004E17F5;
			productRefGroup = D2D0E36E242C03E1004E17F5 /* Products */;
			projectDirPath = "";
			projectRoot = "";
			targets = (
				D2D0E36C242C03E1004E17F5 /* HelloWorld */,
				D2D0E382242C03E6004E17F5 /* HelloWorldTests */,
				D2D0E38D242C03E6004E17F5 /* HelloWorldUITests */,
			);
		};
/* End PBXProject section */

/* Begin PBXResourcesBuildPhase section */
		D2D0E36B242C03E1004E17F5 /* Resources */ = {
			isa = PBXResourcesBuildPhase;
			buildActionMask = 2147483647;
			files = (
				D2D0E37D242C03E5004E17F5 /* LaunchScreen.storyboard in Resources */,
				D2D0E3A1242C06CA004E17F5 /* Colors.xcassets in Resources */,
				D2D0E37A242C03E5004E17F5 /* Assets.xcassets in Resources */,
				D2D0E378242C03E1004E17F5 /* Main.storyboard in Resources */,
			);
			runOnlyForDeploymentPostprocessing = 0;
		};
		D2D0E381242C03E6004E17F5 /* Resources */ = {
			isa = PBXResourcesBuildPhase;
			buildActionMask = 2147483647;
			files = (
			);
			runOnlyForDeploymentPostprocessing = 0;
		};
		D2D0E38C242C03E6004E17F5 /* Resources */ = {
			isa = PBXResourcesBuildPhase;
			buildActionMask = 2147483647;
			files = (
			);
			runOnlyForDeploymentPostprocessing = 0;
		};
/* End PBXResourcesBuildPhase section */

/* Begin PBXSourcesBuildPhase section */
		D2D0E369242C03E1004E17F5 /* Sources */ = {
			isa = PBXSourcesBuildPhase;
			buildActionMask = 2147483647;
			files = (
				D2D0E375242C03E1004E17F5 /* ViewController.swift in Sources */,
				D2D0E3A3242C0FC2004E17F5 /* UIButton+Extensions.swift in Sources */,
				D2D0E371242C03E1004E17F5 /* AppDelegate.swift in Sources */,
				D2D0E373242C03E1004E17F5 /* SceneDelegate.swift in Sources */,
			);
			runOnlyForDeploymentPostprocessing = 0;
		};
		D2D0E37F242C03E6004E17F5 /* Sources */ = {
			isa = PBXSourcesBuildPhase;
			buildActionMask = 2147483647;
			files = (
				D2D0E388242C03E6004E17F5 /* HelloWorldTests.swift in Sources */,
			);
			runOnlyForDeploymentPostprocessing = 0;
		};
		D2D0E38A242C03E6004E17F5 /* Sources */ = {
			isa = PBXSourcesBuildPhase;
			buildActionMask = 2147483647;
			files = (
				D2D0E393242C03E6004E17F5 /* HelloWorldUITests.swift in Sources */,
			);
			runOnlyForDeploymentPostprocessing = 0;
		};
/* End PBXSourcesBuildPhase section */

/* Begin PBXTargetDependency section */
		D2D0E385242C03E6004E17F5 /* PBXTargetDependency */ = {
			isa = PBXTargetDependency;
			target = D2D0E36C242C03E1004E17F5 /* HelloWorld */;
			targetProxy = D2D0E384242C03E6004E17F5 /* PBXContainerItemProxy */;
		};
		D2D0E390242C03E6004E17F5 /* PBXTargetDependency */ = {
			isa = PBXTargetDependency;
			target = D2D0E36C242C03E1004E17F5 /* HelloWorld */;
			targetProxy = D2D0E38F242C03E6004E17F5 /* PBXContainerItemProxy */;
		};
/* End PBXTargetDependency section */

/* Begin PBXVariantGroup section */
		D2D0E376242C03E1004E17F5 /* Main.storyboard */ = {
			isa = PBXVariantGroup;
			children = (
				D2D0E377242C03E1004E17F5 /* Base */,
			);
			name = Main.storyboard;
			sourceTree = "<group>";
		};
		D2D0E37B242C03E5004E17F5 /* LaunchScreen.storyboard */ = {
			isa = PBXVariantGroup;
			children = (
				D2D0E37C242C03E5004E17F5 /* Base */,
			);
			name = LaunchScreen.storyboard;
			sourceTree = "<group>";
		};
/* End PBXVariantGroup section */

/* Begin XCBuildConfiguration section */
		D2D0E395242C03E6004E17F5 /* Debug */ = {
			isa = XCBuildConfiguration;
			buildSettings = {
				ALWAYS_SEARCH_USER_PATHS = NO;
				CLANG_ANALYZER_NONNULL = YES;
				CLANG_ANALYZER_NUMBER_OBJECT_CONVERSION = YES_AGGRESSIVE;
				CLANG_CXX_LANGUAGE_STANDARD = "gnu++14";
				CLANG_CXX_LIBRARY = "libc++";
				CLANG_ENABLE_MODULES = YES;
				CLANG_ENABLE_OBJC_ARC = YES;
				CLANG_ENABLE_OBJC_WEAK = YES;
				CLANG_WARN_BLOCK_CAPTURE_AUTORELEASING = YES;
				CLANG_WARN_BOOL_CONVERSION = YES;
				CLANG_WARN_COMMA = YES;
				CLANG_WARN_CONSTANT_CONVERSION = YES;
				CLANG_WARN_DEPRECATED_OBJC_IMPLEMENTATIONS = YES;
				CLANG_WARN_DIRECT_OBJC_ISA_USAGE = YES_ERROR;
				CLANG_WARN_DOCUMENTATION_COMMENTS = YES;
				CLANG_WARN_EMPTY_BODY = YES;
				CLANG_WARN_ENUM_CONVERSION = YES;
				CLANG_WARN_INFINITE_RECURSION = YES;
				CLANG_WARN_INT_CONVERSION = YES;
				CLANG_WARN_NON_LITERAL_NULL_CONVERSION = YES;
				CLANG_WARN_OBJC_IMPLICIT_RETAIN_SELF = YES;
				CLANG_WARN_OBJC_LITERAL_CONVERSION = YES;
				CLANG_WARN_OBJC_ROOT_CLASS = YES_ERROR;
				CLANG_WARN_RANGE_LOOP_ANALYSIS = YES;
				CLANG_WARN_STRICT_PROTOTYPES = YES;
				CLANG_WARN_SUSPICIOUS_MOVE = YES;
				CLANG_WARN_UNGUARDED_AVAILABILITY = YES_AGGRESSIVE;
				CLANG_WARN_UNREACHABLE_CODE = YES;
				CLANG_WARN__DUPLICATE_METHOD_MATCH = YES;
				COPY_PHASE_STRIP = NO;
				DEBUG_INFORMATION_FORMAT = dwarf;
				ENABLE_STRICT_OBJC_MSGSEND = YES;
				ENABLE_TESTABILITY = YES;
				GCC_C_LANGUAGE_STANDARD = gnu11;
				GCC_DYNAMIC_NO_PIC = NO;
				GCC_NO_COMMON_BLOCKS = YES;
				GCC_OPTIMIZATION_LEVEL = 0;
				GCC_PREPROCESSOR_DEFINITIONS = (
					"DEBUG=1",
					"$(inherited)",
				);
				GCC_WARN_64_TO_32_BIT_CONVERSION = YES;
				GCC_WARN_ABOUT_RETURN_TYPE = YES_ERROR;
				GCC_WARN_UNDECLARED_SELECTOR = YES;
				GCC_WARN_UNINITIALIZED_AUTOS = YES_AGGRESSIVE;
				GCC_WARN_UNUSED_FUNCTION = YES;
				GCC_WARN_UNUSED_VARIABLE = YES;
				IPHONEOS_DEPLOYMENT_TARGET = 13.4;
				MTL_ENABLE_DEBUG_INFO = INCLUDE_SOURCE;
				MTL_FAST_MATH = YES;
				ONLY_ACTIVE_ARCH = YES;
				SDKROOT = iphoneos;
				SWIFT_ACTIVE_COMPILATION_CONDITIONS = DEBUG;
				SWIFT_OPTIMIZATION_LEVEL = "-Onone";
			};
			name = Debug;
		};
		D2D0E396242C03E6004E17F5 /* Release */ = {
			isa = XCBuildConfiguration;
			buildSettings = {
				ALWAYS_SEARCH_USER_PATHS = NO;
				CLANG_ANALYZER_NONNULL = YES;
				CLANG_ANALYZER_NUMBER_OBJECT_CONVERSION = YES_AGGRESSIVE;
				CLANG_CXX_LANGUAGE_STANDARD = "gnu++14";
				CLANG_CXX_LIBRARY = "libc++";
				CLANG_ENABLE_MODULES = YES;
				CLANG_ENABLE_OBJC_ARC = YES;
				CLANG_ENABLE_OBJC_WEAK = YES;
				CLANG_WARN_BLOCK_CAPTURE_AUTORELEASING = YES;
				CLANG_WARN_BOOL_CONVERSION = YES;
				CLANG_WARN_COMMA = YES;
				CLANG_WARN_CONSTANT_CONVERSION = YES;
				CLANG_WARN_DEPRECATED_OBJC_IMPLEMENTATIONS = YES;
				CLANG_WARN_DIRECT_OBJC_ISA_USAGE = YES_ERROR;
				CLANG_WARN_DOCUMENTATION_COMMENTS = YES;
				CLANG_WARN_EMPTY_BODY = YES;
				CLANG_WARN_ENUM_CONVERSION = YES;
				CLANG_WARN_INFINITE_RECURSION = YES;
				CLANG_WARN_INT_CONVERSION = YES;
				CLANG_WARN_NON_LITERAL_NULL_CONVERSION = YES;
				CLANG_WARN_OBJC_IMPLICIT_RETAIN_SELF = YES;
				CLANG_WARN_OBJC_LITERAL_CONVERSION = YES;
				CLANG_WARN_OBJC_ROOT_CLASS = YES_ERROR;
				CLANG_WARN_RANGE_LOOP_ANALYSIS = YES;
				CLANG_WARN_STRICT_PROTOTYPES = YES;
				CLANG_WARN_SUSPICIOUS_MOVE = YES;
				CLANG_WARN_UNGUARDED_AVAILABILITY = YES_AGGRESSIVE;
				CLANG_WARN_UNREACHABLE_CODE = YES;
				CLANG_WARN__DUPLICATE_METHOD_MATCH = YES;
				COPY_PHASE_STRIP = NO;
				DEBUG_INFORMATION_FORMAT = "dwarf-with-dsym";
				ENABLE_NS_ASSERTIONS = NO;
				ENABLE_STRICT_OBJC_MSGSEND = YES;
				GCC_C_LANGUAGE_STANDARD = gnu11;
				GCC_NO_COMMON_BLOCKS = YES;
				GCC_WARN_64_TO_32_BIT_CONVERSION = YES;
				GCC_WARN_ABOUT_RETURN_TYPE = YES_ERROR;
				GCC_WARN_UNDECLARED_SELECTOR = YES;
				GCC_WARN_UNINITIALIZED_AUTOS = YES_AGGRESSIVE;
				GCC_WARN_UNUSED_FUNCTION = YES;
				GCC_WARN_UNUSED_VARIABLE = YES;
				IPHONEOS_DEPLOYMENT_TARGET = 13.4;
				MTL_ENABLE_DEBUG_INFO = NO;
				MTL_FAST_MATH = YES;
				SDKROOT = iphoneos;
				SWIFT_COMPILATION_MODE = wholemodule;
				SWIFT_OPTIMIZATION_LEVEL = "-O";
				VALIDATE_PRODUCT = YES;
			};
			name = Release;
		};
		D2D0E398242C03E6004E17F5 /* Debug */ = {
			isa = XCBuildConfiguration;
			buildSettings = {
				ASSETCATALOG_COMPILER_APPICON_NAME = AppIcon;
				CODE_SIGN_STYLE = Automatic;
				DEVELOPMENT_TEAM = GK4H956BN2;
				INFOPLIST_FILE = HelloWorld/Info.plist;
				IPHONEOS_DEPLOYMENT_TARGET = 11.0;
				LD_RUNPATH_SEARCH_PATHS = (
					"$(inherited)",
					"@executable_path/Frameworks",
				);
				PRODUCT_BUNDLE_IDENTIFIER = oho.name.HelloWorld;
				PRODUCT_NAME = "$(TARGET_NAME)";
				SWIFT_VERSION = 5.0;
				TARGETED_DEVICE_FAMILY = "1,2";
			};
			name = Debug;
		};
		D2D0E399242C03E6004E17F5 /* Release */ = {
			isa = XCBuildConfiguration;
			buildSettings = {
				ASSETCATALOG_COMPILER_APPICON_NAME = AppIcon;
				CODE_SIGN_STYLE = Automatic;
				DEVELOPMENT_TEAM = GK4H956BN2;
				INFOPLIST_FILE = HelloWorld/Info.plist;
				IPHONEOS_DEPLOYMENT_TARGET = 11.0;
				LD_RUNPATH_SEARCH_PATHS = (
					"$(inherited)",
					"@executable_path/Frameworks",
				);
				PRODUCT_BUNDLE_IDENTIFIER = oho.name.HelloWorld;
				PRODUCT_NAME = "$(TARGET_NAME)";
				SWIFT_VERSION = 5.0;
				TARGETED_DEVICE_FAMILY = "1,2";
			};
			name = Release;
		};
		D2D0E39B242C03E6004E17F5 /* Debug */ = {
			isa = XCBuildConfiguration;
			buildSettings = {
				ALWAYS_EMBED_SWIFT_STANDARD_LIBRARIES = YES;
				BUNDLE_LOADER = "$(TEST_HOST)";
				CODE_SIGN_STYLE = Automatic;
				DEVELOPMENT_TEAM = GK4H956BN2;
				INFOPLIST_FILE = HelloWorldTests/Info.plist;
				IPHONEOS_DEPLOYMENT_TARGET = 13.4;
				LD_RUNPATH_SEARCH_PATHS = (
					"$(inherited)",
					"@executable_path/Frameworks",
					"@loader_path/Frameworks",
				);
				PRODUCT_BUNDLE_IDENTIFIER = oho.name.HelloWorldTests;
				PRODUCT_NAME = "$(TARGET_NAME)";
				SWIFT_VERSION = 5.0;
				TARGETED_DEVICE_FAMILY = "1,2";
				TEST_HOST = "$(BUILT_PRODUCTS_DIR)/HelloWorld.app/HelloWorld";
			};
			name = Debug;
		};
		D2D0E39C242C03E6004E17F5 /* Release */ = {
			isa = XCBuildConfiguration;
			buildSettings = {
				ALWAYS_EMBED_SWIFT_STANDARD_LIBRARIES = YES;
				BUNDLE_LOADER = "$(TEST_HOST)";
				CODE_SIGN_STYLE = Automatic;
				DEVELOPMENT_TEAM = GK4H956BN2;
				INFOPLIST_FILE = HelloWorldTests/Info.plist;
				IPHONEOS_DEPLOYMENT_TARGET = 13.4;
				LD_RUNPATH_SEARCH_PATHS = (
					"$(inherited)",
					"@executable_path/Frameworks",
					"@loader_path/Frameworks",
				);
				PRODUCT_BUNDLE_IDENTIFIER = oho.name.HelloWorldTests;
				PRODUCT_NAME = "$(TARGET_NAME)";
				SWIFT_VERSION = 5.0;
				TARGETED_DEVICE_FAMILY = "1,2";
				TEST_HOST = "$(BUILT_PRODUCTS_DIR)/HelloWorld.app/HelloWorld";
			};
			name = Release;
		};
		D2D0E39E242C03E6004E17F5 /* Debug */ = {
			isa = XCBuildConfiguration;
			buildSettings = {
				ALWAYS_EMBED_SWIFT_STANDARD_LIBRARIES = YES;
				CODE_SIGN_STYLE = Automatic;
				DEVELOPMENT_TEAM = GK4H956BN2;
				INFOPLIST_FILE = HelloWorldUITests/Info.plist;
				LD_RUNPATH_SEARCH_PATHS = (
					"$(inherited)",
					"@executable_path/Frameworks",
					"@loader_path/Frameworks",
				);
				PRODUCT_BUNDLE_IDENTIFIER = oho.name.HelloWorldUITests;
				PRODUCT_NAME = "$(TARGET_NAME)";
				SWIFT_VERSION = 5.0;
				TARGETED_DEVICE_FAMILY = "1,2";
				TEST_TARGET_NAME = HelloWorld;
			};
			name = Debug;
		};
		D2D0E39F242C03E6004E17F5 /* Release */ = {
			isa = XCBuildConfiguration;
			buildSettings = {
				ALWAYS_EMBED_SWIFT_STANDARD_LIBRARIES = YES;
				CODE_SIGN_STYLE = Automatic;
				DEVELOPMENT_TEAM = GK4H956BN2;
				INFOPLIST_FILE = HelloWorldUITests/Info.plist;
				LD_RUNPATH_SEARCH_PATHS = (
					"$(inherited)",
					"@executable_path/Frameworks",
					"@loader_path/Frameworks",
				);
				PRODUCT_BUNDLE_IDENTIFIER = oho.name.HelloWorldUITests;
				PRODUCT_NAME = "$(TARGET_NAME)";
				SWIFT_VERSION = 5.0;
				TARGETED_DEVICE_FAMILY = "1,2";
				TEST_TARGET_NAME = HelloWorld;
			};
			name = Release;
		};
/* End XCBuildConfiguration section */

/* Begin XCConfigurationList section */
		D2D0E368242C03E1004E17F5 /* Build configuration list for PBXProject "HelloWorld" */ = {
			isa = XCConfigurationList;
			buildConfigurations = (
				D2D0E395242C03E6004E17F5 /* Debug */,
				D2D0E396242C03E6004E17F5 /* Release */,
			);
			defaultConfigurationIsVisible = 0;
			defaultConfigurationName = Release;
		};
		D2D0E397242C03E6004E17F5 /* Build configuration list for PBXNativeTarget "HelloWorld" */ = {
			isa = XCConfigurationList;
			buildConfigurations = (
				D2D0E398242C03E6004E17F5 /* Debug */,
				D2D0E399242C03E6004E17F5 /* Release */,
			);
			defaultConfigurationIsVisible = 0;
			defaultConfigurationName = Release;
		};
		D2D0E39A242C03E6004E17F5 /* Build configuration list for PBXNativeTarget "HelloWorldTests" */ = {
			isa = XCConfigurationList;
			buildConfigurations = (
				D2D0E39B242C03E6004E17F5 /* Debug */,
				D2D0E39C242C03E6004E17F5 /* Release */,
			);
			defaultConfigurationIsVisible = 0;
			defaultConfigurationName = Release;
		};
		D2D0E39D242C03E6004E17F5 /* Build configuration list for PBXNativeTarget "HelloWorldUITests" */ = {
			isa = XCConfigurationList;
			buildConfigurations = (
				D2D0E39E242C03E6004E17F5 /* Debug */,
				D2D0E39F242C03E6004E17F5 /* Release */,
			);
			defaultConfigurationIsVisible = 0;
			defaultConfigurationName = Release;
		};
/* End XCConfigurationList section */
	};
	rootObject = D2D0E365242C03E1004E17F5 /* Project object */;
}
